
Microsoft Visual Studio Solution File, Format Version 12.00
# Visual Studio Version 17
VisualStudioVersion = 17.0.31903.59
MinimumVisualStudioVersion = 10.0.40219.1
Project("{2150E333-8FDC-42A3-9474-1A3956D46DE8}") = "spike", "spike", "{D6EA9C13-5DDC-B6DF-E3F6-EC65D4C25D12}"
EndProject
Project("{FAE04EC0-301F-11D3-BF4B-00C04F79EFBC}") = "X11DesktopWindow", "spike\X11DesktopWindow\X11DesktopWindow.csproj", "{ED4E1FF4-14C6-4266-8659-FE3AEAE6C3E1}"
EndProject
Project("{FAE04EC0-301F-11D3-BF4B-00C04F79EFBC}") = "LayerShellShim", "spike\LayerShellShim\LayerShellShim.csproj", "{DA717DDD-E5DE-47EE-8AF3-A07ECE4F30B8}"
EndProject
Project("{FAE04EC0-301F-11D3-BF4B-00C04F79EFBC}") = "AvaloniaHintProbe", "spike\AvaloniaHintProbe\AvaloniaHintProbe.csproj", "{A215EE02-ED71-4437-B956-B024803F7694}"
EndProject
Global
	GlobalSection(SolutionConfigurationPlatforms) = preSolution
		Debug|Any CPU = Debug|Any CPU
		Debug|x64 = Debug|x64
		Debug|x86 = Debug|x86
		Release|Any CPU = Release|Any CPU
		Release|x64 = Release|x64
		Release|x86 = Release|x86
	EndGlobalSection
	GlobalSection(ProjectConfigurationPlatforms) = postSolution
		{ED4E1FF4-14C6-4266-8659-FE3AEAE6C3E1}.Debug|Any CPU.ActiveCfg = Debug|Any CPU
		{ED4E1FF4-14C6-4266-8659-FE3AEAE6C3E1}.Debug|Any CPU.Build.0 = Debug|Any CPU
		{ED4E1FF4-14C6-4266-8659-FE3AEAE6C3E1}.Debug|x64.ActiveCfg = Debug|Any CPU
		{ED4E1FF4-14C6-4266-8659-FE3AEAE6C3E1}.Debug|x64.Build.0 = Debug|Any CPU
		{ED4E1FF4-14C6-4266-8659-FE3AEAE6C3E1}.Debug|x86.ActiveCfg = Debug|Any CPU
		{ED4E1FF4-14C6-4266-8659-FE3AEAE6C3E1}.Debug|x86.Build.0 = Debug|Any CPU
		{ED4E1FF4-14C6-4266-8659-FE3AEAE6C3E1}.Release|Any CPU.ActiveCfg = Release|Any CPU
		{ED4E1FF4-14C6-4266-8659-FE3AEAE6C3E1}.Release|Any CPU.Build.0 = Release|Any CPU
		{ED4E1FF4-14C6-4266-8659-FE3AEAE6C3E1}.Release|x64.ActiveCfg = Release|Any CPU
		{ED4E1FF4-14C6-4266-8659-FE3AEAE6C3E1}.Release|x64.Build.0 = Release|Any CPU
		{ED4E1FF4-14C6-4266-8659-FE3AEAE6C3E1}.Release|x86.ActiveCfg = Release|Any CPU
		{ED4E1FF4-14C6-4266-8659-FE3AEAE6C3E1}.Release|x86.Build.0 = Release|Any CPU
		{DA717DDD-E5DE-47EE-8AF3-A07ECE4F30B8}.Debug|Any CPU.ActiveCfg = Debug|Any CPU
		{DA717DDD-E5DE-47EE-8AF3-A07ECE4F30B8}.Debug|Any CPU.Build.0 = Debug|Any CPU
		{DA717DDD-E5DE-47EE-8AF3-A07ECE4F30B8}.Debug|x64.ActiveCfg = Debug|Any CPU
		{DA717DDD-E5DE-47EE-8AF3-A07ECE4F30B8}.Debug|x64.Build.0 = Debug|Any CPU
		{DA717DDD-E5DE-47EE-8AF3-A07ECE4F30B8}.Debug|x86.ActiveCfg = Debug|Any CPU
		{DA717DDD-E5DE-47EE-8AF3-A07ECE4F30B8}.Debug|x86.Build.0 = Debug|Any CPU
		{DA717DDD-E5DE-47EE-8AF3-A07ECE4F30B8}.Release|Any CPU.ActiveCfg = Release|Any CPU
		{DA717DDD-E5DE-47EE-8AF3-A07ECE4F30B8}.Release|Any CPU.Build.0 = Release|Any CPU
		{DA717DDD-E5DE-47EE-8AF3-A07ECE4F30B8}.Release|x64.ActiveCfg = Release|Any CPU
		{DA717DDD-E5DE-47EE-8AF3-A07ECE4F30B8}.Release|x64.Build.0 = Release|Any CPU
		{DA717DDD-E5DE-47EE-8AF3-A07ECE4F30B8}.Release|x86.ActiveCfg = Release|Any CPU
		{DA717DDD-E5DE-47EE-8AF3-A07ECE4F30B8}.Release|x86.Build.0 = Release|Any CPU
		{A215EE02-ED71-4437-B956-B024803F7694}.Debug|Any CPU.ActiveCfg = Debug|Any CPU
		{A215EE02-ED71-4437-B956-B024803F7694}.Debug|Any CPU.Build.0 = Debug|Any CPU
		{A215EE02-ED71-4437-B956-B024803F7694}.Debug|x64.ActiveCfg = Debug|Any CPU
		{A215EE02-ED71-4437-B956-B024803F7694}.Debug|x64.Build.0 = Debug|Any CPU
		{A215EE02-ED71-4437-B956-B024803F7694}.Debug|x86.ActiveCfg = Debug|Any CPU
		{A215EE02-ED71-4437-B956-B024803F7694}.Debug|x86.Build.0 = Debug|Any CPU
		{A215EE02-ED71-4437-B956-B024803F7694}.Release|Any CPU.ActiveCfg = Release|Any CPU
		{A215EE02-ED71-4437-B956-B024803F7694}.Release|Any CPU.Build.0 = Release|Any CPU
		{A215EE02-ED71-4437-B956-B024803F7694}.Release|x64.ActiveCfg = Release|Any CPU
		{A215EE02-ED71-4437-B956-B024803F7694}.Release|x64.Build.0 = Release|Any CPU
		{A215EE02-ED71-4437-B956-B024803F7694}.Release|x86.ActiveCfg = Release|Any CPU
		{A215EE02-ED71-4437-B956-B024803F7694}.Release|x86.Build.0 = Release|Any CPU
	EndGlobalSection
	GlobalSection(SolutionProperties) = preSolution
		HideSolutionNode = FALSE
	EndGlobalSection
	GlobalSection(NestedProjects) = preSolution
		{ED4E1FF4-14C6-4266-8659-FE3AEAE6C3E1} = {D6EA9C13-5DDC-B6DF-E3F6-EC65D4C25D12}
		{DA717DDD-E5DE-47EE-8AF3-A07ECE4F30B8} = {D6EA9C13-5DDC-B6DF-E3F6-EC65D4C25D12}
		{A215EE02-ED71-4437-B956-B024803F7694} = {D6EA9C13-5DDC-B6DF-E3F6-EC65D4C25D12}
	EndGlobalSection
EndGlobal
